
Microsoft Visual Studio Solution File, Format Version 12.00
# Visual Studio Version 17
VisualStudioVersion = 17.8.34525.116
MinimumVisualStudioVersion = 10.0.40219.1
Project("{FAE04EC0-301F-11D3-BF4B-00C04F79EFBC}") = "BackendAPI", "BackendAPI.csproj", "{EA2A8996-5702-46E4-B6A8-3EAC3C617EEB}"
EndProject
Global
	GlobalSection(SolutionConfigurationPlatforms) = preSolution
		Debug|Any CPU = Debug|Any CPU
		Release|Any CPU = Release|Any CPU
	EndGlobalSection
	GlobalSection(ProjectConfigurationPlatforms) = postSolution
		{EA2A8996-5702-46E4-B6A8-3EAC3C617EEB}.Debug|Any CPU.ActiveCfg = Debug|Any CPU
		{EA2A8996-5702-46E4-B6A8-3EAC3C617EEB}.Debug|Any CPU.Build.0 = Debug|Any CPU
		{EA2A8996-5702-46E4-B6A8-3EAC3C617EEB}.Release|Any CPU.ActiveCfg = Release|Any CPU
		{EA2A8996-5702-46E4-B6A8-3EAC3C617EEB}.Release|Any CPU.Build.0 = Release|Any CPU
	EndGlobalSection
	GlobalSection(SolutionProperties) = preSolution
		HideSolutionNode = FALSE
	EndGlobalSection
	GlobalSection(ExtensibilityGlobals) = postSolution
		SolutionGuid = {D59EEED9-3878-4DBC-AB30-ADF4E66FF73C}
	EndGlobalSection
EndGlobal
